{
  "object": {
    "pins": [
      {
        "package": "JavaScriptKit",
        "repositoryURL": "https://github.com/kateinoigakukun/JavaScriptKit.git",
        "state": {
          "branch": "master",
          "revision": "53af2d2fb0b0be4100911cbe65f75b40bd1033be",
          "version": null
        }
      }
    ]
  },
  "version": 1
}
